// !$*UTF8*$!
{
	archiveVersion = 1;
	classes = {
	};
	objectVersion = 52;
	objects = {

/* Begin PBXBuildFile section */
		8E0EE722251BA02C00FE24AB /* AppLifecycle.swift in Sources */ = {isa = PBXBuildFile; fileRef = 8E0EE721251BA02C00FE24AB /* AppLifecycle.swift */; };
		8E0EE723251BA02C00FE24AB /* AppLifecycle.swift in Sources */ = {isa = PBXBuildFile; fileRef = 8E0EE721251BA02C00FE24AB /* AppLifecycle.swift */; };
		8E0EE729251BA12500FE24AB /* ActionPrism.swift in Sources */ = {isa = PBXBuildFile; fileRef = 8E0EE728251BA12400FE24AB /* ActionPrism.swift */; };
		8E0EE72A251BA12500FE24AB /* ActionPrism.swift in Sources */ = {isa = PBXBuildFile; fileRef = 8E0EE728251BA12400FE24AB /* ActionPrism.swift */; };
		8EC902602512CF5100106B71 /* CoreLocationMiddleware in Frameworks */ = {isa = PBXBuildFile; productRef = 8EC9025F2512CF5100106B71 /* CoreLocationMiddleware */; };
		8ECC811E25101DD200CC8427 /* Tests_iOS.swift in Sources */ = {isa = PBXBuildFile; fileRef = 8ECC811D25101DD200CC8427 /* Tests_iOS.swift */; };
		8ECC812925101DD200CC8427 /* Tests_macOS.swift in Sources */ = {isa = PBXBuildFile; fileRef = 8ECC812825101DD200CC8427 /* Tests_macOS.swift */; };
		8ECC812B25101DD200CC8427 /* CoreLocation_ReduxApp.swift in Sources */ = {isa = PBXBuildFile; fileRef = 8ECC810225101DD000CC8427 /* CoreLocation_ReduxApp.swift */; };
		8ECC812C25101DD200CC8427 /* CoreLocation_ReduxApp.swift in Sources */ = {isa = PBXBuildFile; fileRef = 8ECC810225101DD000CC8427 /* CoreLocation_ReduxApp.swift */; };
		8ECC812D25101DD200CC8427 /* Content.swift in Sources */ = {isa = PBXBuildFile; fileRef = 8ECC810325101DD000CC8427 /* Content.swift */; };
		8ECC812E25101DD200CC8427 /* Content.swift in Sources */ = {isa = PBXBuildFile; fileRef = 8ECC810325101DD000CC8427 /* Content.swift */; };
		8ECC812F25101DD200CC8427 /* Assets.xcassets in Resources */ = {isa = PBXBuildFile; fileRef = 8ECC810425101DD200CC8427 /* Assets.xcassets */; };
		8ECC813025101DD200CC8427 /* Assets.xcassets in Resources */ = {isa = PBXBuildFile; fileRef = 8ECC810425101DD200CC8427 /* Assets.xcassets */; };
		8ECC814125101E5E00CC8427 /* CombineRex in Frameworks */ = {isa = PBXBuildFile; productRef = 8ECC814025101E5E00CC8427 /* CombineRex */; };
		8ECC814425101E8600CC8427 /* CombineRextensions in Frameworks */ = {isa = PBXBuildFile; productRef = 8ECC814325101E8600CC8427 /* CombineRextensions */; };
		8ECC81492510294500CC8427 /* ReduxAppModule.swift in Sources */ = {isa = PBXBuildFile; fileRef = 8ECC81482510294500CC8427 /* ReduxAppModule.swift */; };
		8ECC814A2510294500CC8427 /* ReduxAppModule.swift in Sources */ = {isa = PBXBuildFile; fileRef = 8ECC81482510294500CC8427 /* ReduxAppModule.swift */; };
		8ECC814D25102A7600CC8427 /* LoggerMiddleware in Frameworks */ = {isa = PBXBuildFile; productRef = 8ECC814C25102A7600CC8427 /* LoggerMiddleware */; };
/* End PBXBuildFile section */

/* Begin PBXContainerItemProxy section */
		8ECC811A25101DD200CC8427 /* PBXContainerItemProxy */ = {
			isa = PBXContainerItemProxy;
			containerPortal = 8ECC80FD25101DCF00CC8427 /* Project object */;
			proxyType = 1;
			remoteGlobalIDString = 8ECC810825101DD200CC8427;
			remoteInfo = "CoreLocation-Redux (iOS)";
		};
		8ECC812525101DD200CC8427 /* PBXContainerItemProxy */ = {
			isa = PBXContainerItemProxy;
			containerPortal = 8ECC80FD25101DCF00CC8427 /* Project object */;
			proxyType = 1;
			remoteGlobalIDString = 8ECC811025101DD200CC8427;
			remoteInfo = "CoreLocation-Redux (macOS)";
		};
/* End PBXContainerItemProxy section */

/* Begin PBXFileReference section */
		8E0EE721251BA02C00FE24AB /* AppLifecycle.swift */ = {isa = PBXFileReference; fileEncoding = 4; lastKnownFileType = sourcecode.swift; path = AppLifecycle.swift; sourceTree = "<group>"; };
		8E0EE728251BA12400FE24AB /* ActionPrism.swift */ = {isa = PBXFileReference; fileEncoding = 4; lastKnownFileType = sourcecode.swift; path = ActionPrism.swift; sourceTree = "<group>"; };
		8ECC810225101DD000CC8427 /* CoreLocation_ReduxApp.swift */ = {isa = PBXFileReference; lastKnownFileType = sourcecode.swift; path = CoreLocation_ReduxApp.swift; sourceTree = "<group>"; };
		8ECC810325101DD000CC8427 /* Content.swift */ = {isa = PBXFileReference; lastKnownFileType = sourcecode.swift; path = Content.swift; sourceTree = "<group>"; };
		8ECC810425101DD200CC8427 /* Assets.xcassets */ = {isa = PBXFileReference; lastKnownFileType = folder.assetcatalog; path = Assets.xcassets; sourceTree = "<group>"; };
		8ECC810925101DD200CC8427 /* CoreLocation-Redux.app */ = {isa = PBXFileReference; explicitFileType = wrapper.application; includeInIndex = 0; path = "CoreLocation-Redux.app"; sourceTree = BUILT_PRODUCTS_DIR; };
		8ECC810C25101DD200CC8427 /* Info.plist */ = {isa = PBXFileReference; lastKnownFileType = text.plist.xml; path = Info.plist; sourceTree = "<group>"; };
		8ECC811125101DD200CC8427 /* CoreLocation-Redux.app */ = {isa = PBXFileReference; explicitFileType = wrapper.application; includeInIndex = 0; path = "CoreLocation-Redux.app"; sourceTree = BUILT_PRODUCTS_DIR; };
		8ECC811325101DD200CC8427 /* Info.plist */ = {isa = PBXFileReference; lastKnownFileType = text.plist.xml; path = Info.plist; sourceTree = "<group>"; };
		8ECC811425101DD200CC8427 /* macOS.entitlements */ = {isa = PBXFileReference; lastKnownFileType = text.plist.entitlements; path = macOS.entitlements; sourceTree = "<group>"; };
		8ECC811925101DD200CC8427 /* Tests iOS.xctest */ = {isa = PBXFileReference; explicitFileType = wrapper.cfbundle; includeInIndex = 0; path = "Tests iOS.xctest"; sourceTree = BUILT_PRODUCTS_DIR; };
		8ECC811D25101DD200CC8427 /* Tests_iOS.swift */ = {isa = PBXFileReference; lastKnownFileType = sourcecode.swift; path = Tests_iOS.swift; sourceTree = "<group>"; };
		8ECC811F25101DD200CC8427 /* Info.plist */ = {isa = PBXFileReference; lastKnownFileType = text.plist.xml; path = Info.plist; sourceTree = "<group>"; };
		8ECC812425101DD200CC8427 /* Tests macOS.xctest */ = {isa = PBXFileReference; explicitFileType = wrapper.cfbundle; includeInIndex = 0; path = "Tests macOS.xctest"; sourceTree = BUILT_PRODUCTS_DIR; };
		8ECC812825101DD200CC8427 /* Tests_macOS.swift */ = {isa = PBXFileReference; lastKnownFileType = sourcecode.swift; path = Tests_macOS.swift; sourceTree = "<group>"; };
		8ECC812A25101DD200CC8427 /* Info.plist */ = {isa = PBXFileReference; lastKnownFileType = text.plist.xml; path = Info.plist; sourceTree = "<group>"; };
		8ECC81482510294500CC8427 /* ReduxAppModule.swift */ = {isa = PBXFileReference; lastKnownFileType = sourcecode.swift; path = ReduxAppModule.swift; sourceTree = "<group>"; };
/* End PBXFileReference section */

/* Begin PBXFrameworksBuildPhase section */
		8ECC810625101DD200CC8427 /* Frameworks */ = {
			isa = PBXFrameworksBuildPhase;
			buildActionMask = 2147483647;
			files = (
				8ECC814125101E5E00CC8427 /* CombineRex in Frameworks */,
				8ECC814D25102A7600CC8427 /* LoggerMiddleware in Frameworks */,
				8EC902602512CF5100106B71 /* CoreLocationMiddleware in Frameworks */,
				8ECC814425101E8600CC8427 /* CombineRextensions in Frameworks */,
			);
			runOnlyForDeploymentPostprocessing = 0;
		};
		8ECC810E25101DD200CC8427 /* Frameworks */ = {
			isa = PBXFrameworksBuildPhase;
			buildActionMask = 2147483647;
			files = (
			);
			runOnlyForDeploymentPostprocessing = 0;
		};
		8ECC811625101DD200CC8427 /* Frameworks */ = {
			isa = PBXFrameworksBuildPhase;
			buildActionMask = 2147483647;
			files = (
			);
			runOnlyForDeploymentPostprocessing = 0;
		};
		8ECC812125101DD200CC8427 /* Frameworks */ = {
			isa = PBXFrameworksBuildPhase;
			buildActionMask = 2147483647;
			files = (
			);
			runOnlyForDeploymentPostprocessing = 0;
		};
/* End PBXFrameworksBuildPhase section */

/* Begin PBXGroup section */
		8ECC80FC25101DCF00CC8427 = {
			isa = PBXGroup;
			children = (
				8ECC810125101DD000CC8427 /* Shared */,
				8ECC810B25101DD200CC8427 /* iOS */,
				8ECC811225101DD200CC8427 /* macOS */,
				8ECC811C25101DD200CC8427 /* Tests iOS */,
				8ECC812725101DD200CC8427 /* Tests macOS */,
				8ECC810A25101DD200CC8427 /* Products */,
			);
			sourceTree = "<group>";
		};
		8ECC810125101DD000CC8427 /* Shared */ = {
			isa = PBXGroup;
			children = (
				8E0EE728251BA12400FE24AB /* ActionPrism.swift */,
				8E0EE721251BA02C00FE24AB /* AppLifecycle.swift */,
				8ECC810225101DD000CC8427 /* CoreLocation_ReduxApp.swift */,
				8ECC810325101DD000CC8427 /* Content.swift */,
				8ECC81482510294500CC8427 /* ReduxAppModule.swift */,
				8ECC810425101DD200CC8427 /* Assets.xcassets */,
			);
			path = Shared;
			sourceTree = "<group>";
		};
		8ECC810A25101DD200CC8427 /* Products */ = {
			isa = PBXGroup;
			children = (
				8ECC810925101DD200CC8427 /* CoreLocation-Redux.app */,
				8ECC811125101DD200CC8427 /* CoreLocation-Redux.app */,
				8ECC811925101DD200CC8427 /* Tests iOS.xctest */,
				8ECC812425101DD200CC8427 /* Tests macOS.xctest */,
			);
			name = Products;
			sourceTree = "<group>";
		};
		8ECC810B25101DD200CC8427 /* iOS */ = {
			isa = PBXGroup;
			children = (
				8ECC810C25101DD200CC8427 /* Info.plist */,
			);
			path = iOS;
			sourceTree = "<group>";
		};
		8ECC811225101DD200CC8427 /* macOS */ = {
			isa = PBXGroup;
			children = (
				8ECC811325101DD200CC8427 /* Info.plist */,
				8ECC811425101DD200CC8427 /* macOS.entitlements */,
			);
			path = macOS;
			sourceTree = "<group>";
		};
		8ECC811C25101DD200CC8427 /* Tests iOS */ = {
			isa = PBXGroup;
			children = (
				8ECC811D25101DD200CC8427 /* Tests_iOS.swift */,
				8ECC811F25101DD200CC8427 /* Info.plist */,
			);
			path = "Tests iOS";
			sourceTree = "<group>";
		};
		8ECC812725101DD200CC8427 /* Tests macOS */ = {
			isa = PBXGroup;
			children = (
				8ECC812825101DD200CC8427 /* Tests_macOS.swift */,
				8ECC812A25101DD200CC8427 /* Info.plist */,
			);
			path = "Tests macOS";
			sourceTree = "<group>";
		};
/* End PBXGroup section */

/* Begin PBXNativeTarget section */
		8ECC810825101DD200CC8427 /* CoreLocation-Redux (iOS) */ = {
			isa = PBXNativeTarget;
			buildConfigurationList = 8ECC813325101DD200CC8427 /* Build configuration list for PBXNativeTarget "CoreLocation-Redux (iOS)" */;
			buildPhases = (
				8ECC810525101DD200CC8427 /* Sources */,
				8ECC810625101DD200CC8427 /* Frameworks */,
				8ECC810725101DD200CC8427 /* Resources */,
			);
			buildRules = (
			);
			dependencies = (
			);
			name = "CoreLocation-Redux (iOS)";
			packageProductDependencies = (
				8ECC814025101E5E00CC8427 /* CombineRex */,
				8ECC814325101E8600CC8427 /* CombineRextensions */,
				8ECC814C25102A7600CC8427 /* LoggerMiddleware */,
				8EC9025F2512CF5100106B71 /* CoreLocationMiddleware */,
			);
			productName = "CoreLocation-Redux (iOS)";
			productReference = 8ECC810925101DD200CC8427 /* CoreLocation-Redux.app */;
			productType = "com.apple.product-type.application";
		};
		8ECC811025101DD200CC8427 /* CoreLocation-Redux (macOS) */ = {
			isa = PBXNativeTarget;
			buildConfigurationList = 8ECC813625101DD200CC8427 /* Build configuration list for PBXNativeTarget "CoreLocation-Redux (macOS)" */;
			buildPhases = (
				8ECC810D25101DD200CC8427 /* Sources */,
				8ECC810E25101DD200CC8427 /* Frameworks */,
				8ECC810F25101DD200CC8427 /* Resources */,
			);
			buildRules = (
			);
			dependencies = (
			);
			name = "CoreLocation-Redux (macOS)";
			productName = "CoreLocation-Redux (macOS)";
			productReference = 8ECC811125101DD200CC8427 /* CoreLocation-Redux.app */;
			productType = "com.apple.product-type.application";
		};
		8ECC811825101DD200CC8427 /* Tests iOS */ = {
			isa = PBXNativeTarget;
			buildConfigurationList = 8ECC813925101DD200CC8427 /* Build configuration list for PBXNativeTarget "Tests iOS" */;
			buildPhases = (
				8ECC811525101DD200CC8427 /* Sources */,
				8ECC811625101DD200CC8427 /* Frameworks */,
				8ECC811725101DD200CC8427 /* Resources */,
			);
			buildRules = (
			);
			dependencies = (
				8ECC811B25101DD200CC8427 /* PBXTargetDependency */,
			);
			name = "Tests iOS";
			productName = "Tests iOS";
			productReference = 8ECC811925101DD200CC8427 /* Tests iOS.xctest */;
			productType = "com.apple.product-type.bundle.ui-testing";
		};
		8ECC812325101DD200CC8427 /* Tests macOS */ = {
			isa = PBXNativeTarget;
			buildConfigurationList = 8ECC813C25101DD200CC8427 /* Build configuration list for PBXNativeTarget "Tests macOS" */;
			buildPhases = (
				8ECC812025101DD200CC8427 /* Sources */,
				8ECC812125101DD200CC8427 /* Frameworks */,
				8ECC812225101DD200CC8427 /* Resources */,
			);
			buildRules = (
			);
			dependencies = (
				8ECC812625101DD200CC8427 /* PBXTargetDependency */,
			);
			name = "Tests macOS";
			productName = "Tests macOS";
			productReference = 8ECC812425101DD200CC8427 /* Tests macOS.xctest */;
			productType = "com.apple.product-type.bundle.ui-testing";
		};
/* End PBXNativeTarget section */

/* Begin PBXProject section */
		8ECC80FD25101DCF00CC8427 /* Project object */ = {
			isa = PBXProject;
			attributes = {
				LastSwiftUpdateCheck = 1200;
				LastUpgradeCheck = 1220;
				TargetAttributes = {
					8ECC810825101DD200CC8427 = {
						CreatedOnToolsVersion = 12.0;
					};
					8ECC811025101DD200CC8427 = {
						CreatedOnToolsVersion = 12.0;
					};
					8ECC811825101DD200CC8427 = {
						CreatedOnToolsVersion = 12.0;
						TestTargetID = 8ECC810825101DD200CC8427;
					};
					8ECC812325101DD200CC8427 = {
						CreatedOnToolsVersion = 12.0;
						TestTargetID = 8ECC811025101DD200CC8427;
					};
				};
			};
			buildConfigurationList = 8ECC810025101DCF00CC8427 /* Build configuration list for PBXProject "CoreLocation-Redux" */;
			compatibilityVersion = "Xcode 9.3";
			developmentRegion = en;
			hasScannedForEncodings = 0;
			knownRegions = (
				en,
				Base,
			);
			mainGroup = 8ECC80FC25101DCF00CC8427;
			packageReferences = (
				8ECC813F25101E5E00CC8427 /* XCRemoteSwiftPackageReference "SwiftRex" */,
				8ECC814225101E8600CC8427 /* XCRemoteSwiftPackageReference "CombineRextensions" */,
				8ECC814B25102A7600CC8427 /* XCRemoteSwiftPackageReference "LoggerMiddleware" */,
				8EC9025E2512CF5100106B71 /* XCRemoteSwiftPackageReference "CoreLocationMiddleware" */,
			);
			productRefGroup = 8ECC810A25101DD200CC8427 /* Products */;
			projectDirPath = "";
			projectRoot = "";
			targets = (
				8ECC810825101DD200CC8427 /* CoreLocation-Redux (iOS) */,
				8ECC811025101DD200CC8427 /* CoreLocation-Redux (macOS) */,
				8ECC811825101DD200CC8427 /* Tests iOS */,
				8ECC812325101DD200CC8427 /* Tests macOS */,
			);
		};
/* End PBXProject section */

/* Begin PBXResourcesBuildPhase section */
		8ECC810725101DD200CC8427 /* Resources */ = {
			isa = PBXResourcesBuildPhase;
			buildActionMask = 2147483647;
			files = (
				8ECC812F25101DD200CC8427 /* Assets.xcassets in Resources */,
			);
			runOnlyForDeploymentPostprocessing = 0;
		};
		8ECC810F25101DD200CC8427 /* Resources */ = {
			isa = PBXResourcesBuildPhase;
			buildActionMask = 2147483647;
			files = (
				8ECC813025101DD200CC8427 /* Assets.xcassets in Resources */,
			);
			runOnlyForDeploymentPostprocessing = 0;
		};
		8ECC811725101DD200CC8427 /* Resources */ = {
			isa = PBXResourcesBuildPhase;
			buildActionMask = 2147483647;
			files = (
			);
			runOnlyForDeploymentPostprocessing = 0;
		};
		8ECC812225101DD200CC8427 /* Resources */ = {
			isa = PBXResourcesBuildPhase;
			buildActionMask = 2147483647;
			files = (
			);
			runOnlyForDeploymentPostprocessing = 0;
		};
/* End PBXResourcesBuildPhase section */

/* Begin PBXSourcesBuildPhase section */
		8ECC810525101DD200CC8427 /* Sources */ = {
			isa = PBXSourcesBuildPhase;
			buildActionMask = 2147483647;
			files = (
				8ECC812D25101DD200CC8427 /* Content.swift in Sources */,
				8E0EE729251BA12500FE24AB /* ActionPrism.swift in Sources */,
				8ECC812B25101DD200CC8427 /* CoreLocation_ReduxApp.swift in Sources */,
				8E0EE722251BA02C00FE24AB /* AppLifecycle.swift in Sources */,
				8ECC81492510294500CC8427 /* ReduxAppModule.swift in Sources */,
			);
			runOnlyForDeploymentPostprocessing = 0;
		};
		8ECC810D25101DD200CC8427 /* Sources */ = {
			isa = PBXSourcesBuildPhase;
			buildActionMask = 2147483647;
			files = (
				8ECC812E25101DD200CC8427 /* Content.swift in Sources */,
				8E0EE72A251BA12500FE24AB /* ActionPrism.swift in Sources */,
				8ECC812C25101DD200CC8427 /* CoreLocation_ReduxApp.swift in Sources */,
				8E0EE723251BA02C00FE24AB /* AppLifecycle.swift in Sources */,
				8ECC814A2510294500CC8427 /* ReduxAppModule.swift in Sources */,
			);
			runOnlyForDeploymentPostprocessing = 0;
		};
		8ECC811525101DD200CC8427 /* Sources */ = {
			isa = PBXSourcesBuildPhase;
			buildActionMask = 2147483647;
			files = (
				8ECC811E25101DD200CC8427 /* Tests_iOS.swift in Sources */,
			);
			runOnlyForDeploymentPostprocessing = 0;
		};
		8ECC812025101DD200CC8427 /* Sources */ = {
			isa = PBXSourcesBuildPhase;
			buildActionMask = 2147483647;
			files = (
				8ECC812925101DD200CC8427 /* Tests_macOS.swift in Sources */,
			);
			runOnlyForDeploymentPostprocessing = 0;
		};
/* End PBXSourcesBuildPhase section */

/* Begin PBXTargetDependency section */
		8ECC811B25101DD200CC8427 /* PBXTargetDependency */ = {
			isa = PBXTargetDependency;
			target = 8ECC810825101DD200CC8427 /* CoreLocation-Redux (iOS) */;
			targetProxy = 8ECC811A25101DD200CC8427 /* PBXContainerItemProxy */;
		};
		8ECC812625101DD200CC8427 /* PBXTargetDependency */ = {
			isa = PBXTargetDependency;
			target = 8ECC811025101DD200CC8427 /* CoreLocation-Redux (macOS) */;
			targetProxy = 8ECC812525101DD200CC8427 /* PBXContainerItemProxy */;
		};
/* End PBXTargetDependency section */

/* Begin XCBuildConfiguration section */
		8ECC813125101DD200CC8427 /* Debug */ = {
			isa = XCBuildConfiguration;
			buildSettings = {
				ALWAYS_SEARCH_USER_PATHS = NO;
				CLANG_ANALYZER_NONNULL = YES;
				CLANG_ANALYZER_NUMBER_OBJECT_CONVERSION = YES_AGGRESSIVE;
				CLANG_CXX_LANGUAGE_STANDARD = "gnu++14";
				CLANG_CXX_LIBRARY = "libc++";
				CLANG_ENABLE_MODULES = YES;
				CLANG_ENABLE_OBJC_ARC = YES;
				CLANG_ENABLE_OBJC_WEAK = YES;
				CLANG_WARN_BLOCK_CAPTURE_AUTORELEASING = YES;
				CLANG_WARN_BOOL_CONVERSION = YES;
				CLANG_WARN_COMMA = YES;
				CLANG_WARN_CONSTANT_CONVERSION = YES;
				CLANG_WARN_DEPRECATED_OBJC_IMPLEMENTATIONS = YES;
				CLANG_WARN_DIRECT_OBJC_ISA_USAGE = YES_ERROR;
				CLANG_WARN_DOCUMENTATION_COMMENTS = YES;
				CLANG_WARN_EMPTY_BODY = YES;
				CLANG_WARN_ENUM_CONVERSION = YES;
				CLANG_WARN_INFINITE_RECURSION = YES;
				CLANG_WARN_INT_CONVERSION = YES;
				CLANG_WARN_NON_LITERAL_NULL_CONVERSION = YES;
				CLANG_WARN_OBJC_IMPLICIT_RETAIN_SELF = YES;
				CLANG_WARN_OBJC_LITERAL_CONVERSION = YES;
				CLANG_WARN_OBJC_ROOT_CLASS = YES_ERROR;
				CLANG_WARN_QUOTED_INCLUDE_IN_FRAMEWORK_HEADER = YES;
				CLANG_WARN_RANGE_LOOP_ANALYSIS = YES;
				CLANG_WARN_STRICT_PROTOTYPES = YES;
				CLANG_WARN_SUSPICIOUS_MOVE = YES;
				CLANG_WARN_UNGUARDED_AVAILABILITY = YES_AGGRESSIVE;
				CLANG_WARN_UNREACHABLE_CODE = YES;
				CLANG_WARN__DUPLICATE_METHOD_MATCH = YES;
				COPY_PHASE_STRIP = NO;
				DEBUG_INFORMATION_FORMAT = dwarf;
				ENABLE_STRICT_OBJC_MSGSEND = YES;
				ENABLE_TESTABILITY = YES;
				GCC_C_LANGUAGE_STANDARD = gnu11;
				GCC_DYNAMIC_NO_PIC = NO;
				GCC_NO_COMMON_BLOCKS = YES;
				GCC_OPTIMIZATION_LEVEL = 0;
				GCC_PREPROCESSOR_DEFINITIONS = (
					"DEBUG=1",
					"$(inherited)",
				);
				GCC_WARN_64_TO_32_BIT_CONVERSION = YES;
				GCC_WARN_ABOUT_RETURN_TYPE = YES_ERROR;
				GCC_WARN_UNDECLARED_SELECTOR = YES;
				GCC_WARN_UNINITIALIZED_AUTOS = YES_AGGRESSIVE;
				GCC_WARN_UNUSED_FUNCTION = YES;
				GCC_WARN_UNUSED_VARIABLE = YES;
				MTL_ENABLE_DEBUG_INFO = INCLUDE_SOURCE;
				MTL_FAST_MATH = YES;
				ONLY_ACTIVE_ARCH = YES;
				SWIFT_ACTIVE_COMPILATION_CONDITIONS = DEBUG;
				SWIFT_OPTIMIZATION_LEVEL = "-Onone";
			};
			name = Debug;
		};
		8ECC813225101DD200CC8427 /* Release */ = {
			isa = XCBuildConfiguration;
			buildSettings = {
				ALWAYS_SEARCH_USER_PATHS = NO;
				CLANG_ANALYZER_NONNULL = YES;
				CLANG_ANALYZER_NUMBER_OBJECT_CONVERSION = YES_AGGRESSIVE;
				CLANG_CXX_LANGUAGE_STANDARD = "gnu++14";
				CLANG_CXX_LIBRARY = "libc++";
				CLANG_ENABLE_MODULES = YES;
				CLANG_ENABLE_OBJC_ARC = YES;
				CLANG_ENABLE_OBJC_WEAK = YES;
				CLANG_WARN_BLOCK_CAPTURE_AUTORELEASING = YES;
				CLANG_WARN_BOOL_CONVERSION = YES;
				CLANG_WARN_COMMA = YES;
				CLANG_WARN_CONSTANT_CONVERSION = YES;
				CLANG_WARN_DEPRECATED_OBJC_IMPLEMENTATIONS = YES;
				CLANG_WARN_DIRECT_OBJC_ISA_USAGE = YES_ERROR;
				CLANG_WARN_DOCUMENTATION_COMMENTS = YES;
				CLANG_WARN_EMPTY_BODY = YES;
				CLANG_WARN_ENUM_CONVERSION = YES;
				CLANG_WARN_INFINITE_RECURSION = YES;
				CLANG_WARN_INT_CONVERSION = YES;
				CLANG_WARN_NON_LITERAL_NULL_CONVERSION = YES;
				CLANG_WARN_OBJC_IMPLICIT_RETAIN_SELF = YES;
				CLANG_WARN_OBJC_LITERAL_CONVERSION = YES;
				CLANG_WARN_OBJC_ROOT_CLASS = YES_ERROR;
				CLANG_WARN_QUOTED_INCLUDE_IN_FRAMEWORK_HEADER = YES;
				CLANG_WARN_RANGE_LOOP_ANALYSIS = YES;
				CLANG_WARN_STRICT_PROTOTYPES = YES;
				CLANG_WARN_SUSPICIOUS_MOVE = YES;
				CLANG_WARN_UNGUARDED_AVAILABILITY = YES_AGGRESSIVE;
				CLANG_WARN_UNREACHABLE_CODE = YES;
				CLANG_WARN__DUPLICATE_METHOD_MATCH = YES;
				COPY_PHASE_STRIP = NO;
				DEBUG_INFORMATION_FORMAT = "dwarf-with-dsym";
				ENABLE_NS_ASSERTIONS = NO;
				ENABLE_STRICT_OBJC_MSGSEND = YES;
				GCC_C_LANGUAGE_STANDARD = gnu11;
				GCC_NO_COMMON_BLOCKS = YES;
				GCC_WARN_64_TO_32_BIT_CONVERSION = YES;
				GCC_WARN_ABOUT_RETURN_TYPE = YES_ERROR;
				GCC_WARN_UNDECLARED_SELECTOR = YES;
				GCC_WARN_UNINITIALIZED_AUTOS = YES_AGGRESSIVE;
				GCC_WARN_UNUSED_FUNCTION = YES;
				GCC_WARN_UNUSED_VARIABLE = YES;
				MTL_ENABLE_DEBUG_INFO = NO;
				MTL_FAST_MATH = YES;
				SWIFT_COMPILATION_MODE = wholemodule;
				SWIFT_OPTIMIZATION_LEVEL = "-O";
			};
			name = Release;
		};
		8ECC813425101DD200CC8427 /* Debug */ = {
			isa = XCBuildConfiguration;
			buildSettings = {
				ASSETCATALOG_COMPILER_APPICON_NAME = AppIcon;
				ASSETCATALOG_COMPILER_GLOBAL_ACCENT_COLOR_NAME = AccentColor;
				CODE_SIGN_STYLE = Automatic;
				DEVELOPMENT_TEAM = 247WUZHHK2;
				ENABLE_PREVIEWS = YES;
				INFOPLIST_FILE = iOS/Info.plist;
				IPHONEOS_DEPLOYMENT_TARGET = 14.0;
				LD_RUNPATH_SEARCH_PATHS = (
					"$(inherited)",
					"@executable_path/Frameworks",
				);
				PRODUCT_BUNDLE_IDENTIFIER = "com.npvtech.CoreLocation-Redux";
				PRODUCT_NAME = "CoreLocation-Redux";
				SDKROOT = iphoneos;
				SWIFT_VERSION = 5.0;
				TARGETED_DEVICE_FAMILY = "1,2";
			};
			name = Debug;
		};
		8ECC813525101DD200CC8427 /* Release */ = {
			isa = XCBuildConfiguration;
			buildSettings = {
				ASSETCATALOG_COMPILER_APPICON_NAME = AppIcon;
				ASSETCATALOG_COMPILER_GLOBAL_ACCENT_COLOR_NAME = AccentColor;
				CODE_SIGN_STYLE = Automatic;
				DEVELOPMENT_TEAM = 247WUZHHK2;
				ENABLE_PREVIEWS = YES;
				INFOPLIST_FILE = iOS/Info.plist;
				IPHONEOS_DEPLOYMENT_TARGET = 14.0;
				LD_RUNPATH_SEARCH_PATHS = (
					"$(inherited)",
					"@executable_path/Frameworks",
				);
				PRODUCT_BUNDLE_IDENTIFIER = "com.npvtech.CoreLocation-Redux";
				PRODUCT_NAME = "CoreLocation-Redux";
				SDKROOT = iphoneos;
				SWIFT_VERSION = 5.0;
				TARGETED_DEVICE_FAMILY = "1,2";
				VALIDATE_PRODUCT = YES;
			};
			name = Release;
		};
		8ECC813725101DD200CC8427 /* Debug */ = {
			isa = XCBuildConfiguration;
			buildSettings = {
				ASSETCATALOG_COMPILER_APPICON_NAME = AppIcon;
				ASSETCATALOG_COMPILER_GLOBAL_ACCENT_COLOR_NAME = AccentColor;
				CODE_SIGN_ENTITLEMENTS = macOS/macOS.entitlements;
				CODE_SIGN_IDENTITY = "-";
				CODE_SIGN_STYLE = Automatic;
				COMBINE_HIDPI_IMAGES = YES;
				DEVELOPMENT_TEAM = 247WUZHHK2;
				ENABLE_HARDENED_RUNTIME = YES;
				ENABLE_PREVIEWS = YES;
				INFOPLIST_FILE = macOS/Info.plist;
				LD_RUNPATH_SEARCH_PATHS = (
					"$(inherited)",
					"@executable_path/../Frameworks",
				);
				MACOSX_DEPLOYMENT_TARGET = 10.15;
				PRODUCT_BUNDLE_IDENTIFIER = "com.npvtech.CoreLocation-Redux";
				PRODUCT_NAME = "CoreLocation-Redux";
				SDKROOT = macosx;
				SWIFT_VERSION = 5.0;
			};
			name = Debug;
		};
		8ECC813825101DD200CC8427 /* Release */ = {
			isa = XCBuildConfiguration;
			buildSettings = {
				ASSETCATALOG_COMPILER_APPICON_NAME = AppIcon;
				ASSETCATALOG_COMPILER_GLOBAL_ACCENT_COLOR_NAME = AccentColor;
				CODE_SIGN_ENTITLEMENTS = macOS/macOS.entitlements;
				CODE_SIGN_IDENTITY = "-";
				CODE_SIGN_STYLE = Automatic;
				COMBINE_HIDPI_IMAGES = YES;
				DEVELOPMENT_TEAM = 247WUZHHK2;
				ENABLE_HARDENED_RUNTIME = YES;
				ENABLE_PREVIEWS = YES;
				INFOPLIST_FILE = macOS/Info.plist;
				LD_RUNPATH_SEARCH_PATHS = (
					"$(inherited)",
					"@executable_path/../Frameworks",
				);
				MACOSX_DEPLOYMENT_TARGET = 10.15;
				PRODUCT_BUNDLE_IDENTIFIER = "com.npvtech.CoreLocation-Redux";
				PRODUCT_NAME = "CoreLocation-Redux";
				SDKROOT = macosx;
				SWIFT_VERSION = 5.0;
			};
			name = Release;
		};
		8ECC813A25101DD200CC8427 /* Debug */ = {
			isa = XCBuildConfiguration;
			buildSettings = {
				ALWAYS_EMBED_SWIFT_STANDARD_LIBRARIES = YES;
				CODE_SIGN_STYLE = Automatic;
				DEVELOPMENT_TEAM = 247WUZHHK2;
				INFOPLIST_FILE = "Tests iOS/Info.plist";
				IPHONEOS_DEPLOYMENT_TARGET = 14.0;
				LD_RUNPATH_SEARCH_PATHS = (
					"$(inherited)",
					"@executable_path/Frameworks",
					"@loader_path/Frameworks",
				);
				PRODUCT_BUNDLE_IDENTIFIER = "com.npvtech.Tests-iOS";
				PRODUCT_NAME = "$(TARGET_NAME)";
				SDKROOT = iphoneos;
				SWIFT_VERSION = 5.0;
				TARGETED_DEVICE_FAMILY = "1,2";
				TEST_TARGET_NAME = "CoreLocation-Redux (iOS)";
			};
			name = Debug;
		};
		8ECC813B25101DD200CC8427 /* Release */ = {
			isa = XCBuildConfiguration;
			buildSettings = {
				ALWAYS_EMBED_SWIFT_STANDARD_LIBRARIES = YES;
				CODE_SIGN_STYLE = Automatic;
				DEVELOPMENT_TEAM = 247WUZHHK2;
				INFOPLIST_FILE = "Tests iOS/Info.plist";
				IPHONEOS_DEPLOYMENT_TARGET = 14.0;
				LD_RUNPATH_SEARCH_PATHS = (
					"$(inherited)",
					"@executable_path/Frameworks",
					"@loader_path/Frameworks",
				);
				PRODUCT_BUNDLE_IDENTIFIER = "com.npvtech.Tests-iOS";
				PRODUCT_NAME = "$(TARGET_NAME)";
				SDKROOT = iphoneos;
				SWIFT_VERSION = 5.0;
				TARGETED_DEVICE_FAMILY = "1,2";
				TEST_TARGET_NAME = "CoreLocation-Redux (iOS)";
				VALIDATE_PRODUCT = YES;
			};
			name = Release;
		};
		8ECC813D25101DD200CC8427 /* Debug */ = {
			isa = XCBuildConfiguration;
			buildSettings = {
				ALWAYS_EMBED_SWIFT_STANDARD_LIBRARIES = YES;
				CODE_SIGN_STYLE = Automatic;
				COMBINE_HIDPI_IMAGES = YES;
				DEVELOPMENT_TEAM = 247WUZHHK2;
				INFOPLIST_FILE = "Tests macOS/Info.plist";
				LD_RUNPATH_SEARCH_PATHS = (
					"$(inherited)",
					"@executable_path/../Frameworks",
					"@loader_path/../Frameworks",
				);
				MACOSX_DEPLOYMENT_TARGET = 10.15;
				PRODUCT_BUNDLE_IDENTIFIER = "com.npvtech.Tests-macOS";
				PRODUCT_NAME = "$(TARGET_NAME)";
				SDKROOT = macosx;
				SWIFT_VERSION = 5.0;
				TEST_TARGET_NAME = "CoreLocation-Redux (macOS)";
			};
			name = Debug;
		};
		8ECC813E25101DD200CC8427 /* Release */ = {
			isa = XCBuildConfiguration;
			buildSettings = {
				ALWAYS_EMBED_SWIFT_STANDARD_LIBRARIES = YES;
				CODE_SIGN_STYLE = Automatic;
				COMBINE_HIDPI_IMAGES = YES;
				DEVELOPMENT_TEAM = 247WUZHHK2;
				INFOPLIST_FILE = "Tests macOS/Info.plist";
				LD_RUNPATH_SEARCH_PATHS = (
					"$(inherited)",
					"@executable_path/../Frameworks",
					"@loader_path/../Frameworks",
				);
				MACOSX_DEPLOYMENT_TARGET = 10.15;
				PRODUCT_BUNDLE_IDENTIFIER = "com.npvtech.Tests-macOS";
				PRODUCT_NAME = "$(TARGET_NAME)";
				SDKROOT = macosx;
				SWIFT_VERSION = 5.0;
				TEST_TARGET_NAME = "CoreLocation-Redux (macOS)";
			};
			name = Release;
		};
/* End XCBuildConfiguration section */

/* Begin XCConfigurationList section */
		8ECC810025101DCF00CC8427 /* Build configuration list for PBXProject "CoreLocation-Redux" */ = {
			isa = XCConfigurationList;
			buildConfigurations = (
				8ECC813125101DD200CC8427 /* Debug */,
				8ECC813225101DD200CC8427 /* Release */,
			);
			defaultConfigurationIsVisible = 0;
			defaultConfigurationName = Release;
		};
		8ECC813325101DD200CC8427 /* Build configuration list for PBXNativeTarget "CoreLocation-Redux (iOS)" */ = {
			isa = XCConfigurationList;
			buildConfigurations = (
				8ECC813425101DD200CC8427 /* Debug */,
				8ECC813525101DD200CC8427 /* Release */,
			);
			defaultConfigurationIsVisible = 0;
			defaultConfigurationName = Release;
		};
		8ECC813625101DD200CC8427 /* Build configuration list for PBXNativeTarget "CoreLocation-Redux (macOS)" */ = {
			isa = XCConfigurationList;
			buildConfigurations = (
				8ECC813725101DD200CC8427 /* Debug */,
				8ECC813825101DD200CC8427 /* Release */,
			);
			defaultConfigurationIsVisible = 0;
			defaultConfigurationName = Release;
		};
		8ECC813925101DD200CC8427 /* Build configuration list for PBXNativeTarget "Tests iOS" */ = {
			isa = XCConfigurationList;
			buildConfigurations = (
				8ECC813A25101DD200CC8427 /* Debug */,
				8ECC813B25101DD200CC8427 /* Release */,
			);
			defaultConfigurationIsVisible = 0;
			defaultConfigurationName = Release;
		};
		8ECC813C25101DD200CC8427 /* Build configuration list for PBXNativeTarget "Tests macOS" */ = {
			isa = XCConfigurationList;
			buildConfigurations = (
				8ECC813D25101DD200CC8427 /* Debug */,
				8ECC813E25101DD200CC8427 /* Release */,
			);
			defaultConfigurationIsVisible = 0;
			defaultConfigurationName = Release;
		};
/* End XCConfigurationList section */

/* Begin XCRemoteSwiftPackageReference section */
		8EC9025E2512CF5100106B71 /* XCRemoteSwiftPackageReference "CoreLocationMiddleware" */ = {
			isa = XCRemoteSwiftPackageReference;
			repositoryURL = "https://github.com/SwiftRex/CoreLocationMiddleware";
			requirement = {
				branch = development;
				kind = branch;
			};
		};
		8ECC813F25101E5E00CC8427 /* XCRemoteSwiftPackageReference "SwiftRex" */ = {
			isa = XCRemoteSwiftPackageReference;
			repositoryURL = "https://github.com/SwiftRex/SwiftRex.git";
			requirement = {
				kind = upToNextMajorVersion;
				minimumVersion = 0.7.4;
			};
		};
		8ECC814225101E8600CC8427 /* XCRemoteSwiftPackageReference "CombineRextensions" */ = {
			isa = XCRemoteSwiftPackageReference;
			repositoryURL = "https://github.com/teufelaudio/CombineRextensions.git";
			requirement = {
				branch = master;
				kind = branch;
			};
		};
		8ECC814B25102A7600CC8427 /* XCRemoteSwiftPackageReference "LoggerMiddleware" */ = {
			isa = XCRemoteSwiftPackageReference;
			repositoryURL = "https://github.com/SwiftRex/LoggerMiddleware.git";
			requirement = {
				kind = upToNextMajorVersion;
				minimumVersion = 0.1.2;
			};
		};
/* End XCRemoteSwiftPackageReference section */

/* Begin XCSwiftPackageProductDependency section */
		8EC9025F2512CF5100106B71 /* CoreLocationMiddleware */ = {
			isa = XCSwiftPackageProductDependency;
			package = 8EC9025E2512CF5100106B71 /* XCRemoteSwiftPackageReference "CoreLocationMiddleware" */;
			productName = CoreLocationMiddleware;
		};
		8ECC814025101E5E00CC8427 /* CombineRex */ = {
			isa = XCSwiftPackageProductDependency;
			package = 8ECC813F25101E5E00CC8427 /* XCRemoteSwiftPackageReference "SwiftRex" */;
			productName = CombineRex;
		};
		8ECC814325101E8600CC8427 /* CombineRextensions */ = {
			isa = XCSwiftPackageProductDependency;
			package = 8ECC814225101E8600CC8427 /* XCRemoteSwiftPackageReference "CombineRextensions" */;
			productName = CombineRextensions;
		};
		8ECC814C25102A7600CC8427 /* LoggerMiddleware */ = {
			isa = XCSwiftPackageProductDependency;
			package = 8ECC814B25102A7600CC8427 /* XCRemoteSwiftPackageReference "LoggerMiddleware" */;
			productName = LoggerMiddleware;
		};
/* End XCSwiftPackageProductDependency section */
	};
	rootObject = 8ECC80FD25101DCF00CC8427 /* Project object */;
}
